
Microsoft Visual Studio Solution File, Format Version 12.00
# Visual Studio Version 16
VisualStudioVersion = 16.0.32228.343
MinimumVisualStudioVersion = 10.0.40219.1
Project("{FAE04EC0-301F-11D3-BF4B-00C04F79EFBC}") = "ScheduleAPIDataMigration", "ScheduleAPIDataMigration.csproj", "{270AC57A-A418-4481-BD3D-3F560E01DE2E}"
EndProject
Project("{FAE04EC0-301F-11D3-BF4B-00C04F79EFBC}") = "ParallelOperations", "..\..\..\webapi\C#\ParallelOperations\ParallelOperations.csproj", "{707EB973-7B6F-4D82-A88F-290785701D2E}"
EndProject
Project("{FAE04EC0-301F-11D3-BF4B-00C04F79EFBC}") = "CDSWebApiService", "..\..\..\webapi\C#\CDSWebApiService\CDSWebApiService.csproj", "{E8C225D3-F15A-417C-AA4A-9114C0F2BDF4}"
EndProject
Project("{FAE04EC0-301F-11D3-BF4B-00C04F79EFBC}") = "QueryData", "..\..\..\webapi\C#\QueryData\QueryData.csproj", "{D5C4C65C-1F02-4C06-BCB0-7C514018EE2A}"
EndProject
Global
	GlobalSection(SolutionConfigurationPlatforms) = preSolution
		Debug|Any CPU = Debug|Any CPU
		Release|Any CPU = Release|Any CPU
	EndGlobalSection
	GlobalSection(ProjectConfigurationPlatforms) = postSolution
		{270AC57A-A418-4481-BD3D-3F560E01DE2E}.Debug|Any CPU.ActiveCfg = Debug|Any CPU
		{270AC57A-A418-4481-BD3D-3F560E01DE2E}.Debug|Any CPU.Build.0 = Debug|Any CPU
		{270AC57A-A418-4481-BD3D-3F560E01DE2E}.Release|Any CPU.ActiveCfg = Release|Any CPU
		{270AC57A-A418-4481-BD3D-3F560E01DE2E}.Release|Any CPU.Build.0 = Release|Any CPU
		{707EB973-7B6F-4D82-A88F-290785701D2E}.Debug|Any CPU.ActiveCfg = Debug|Any CPU
		{707EB973-7B6F-4D82-A88F-290785701D2E}.Debug|Any CPU.Build.0 = Debug|Any CPU
		{707EB973-7B6F-4D82-A88F-290785701D2E}.Release|Any CPU.ActiveCfg = Release|Any CPU
		{707EB973-7B6F-4D82-A88F-290785701D2E}.Release|Any CPU.Build.0 = Release|Any CPU
		{E8C225D3-F15A-417C-AA4A-9114C0F2BDF4}.Debug|Any CPU.ActiveCfg = Debug|Any CPU
		{E8C225D3-F15A-417C-AA4A-9114C0F2BDF4}.Debug|Any CPU.Build.0 = Debug|Any CPU
		{E8C225D3-F15A-417C-AA4A-9114C0F2BDF4}.Release|Any CPU.ActiveCfg = Release|Any CPU
		{E8C225D3-F15A-417C-AA4A-9114C0F2BDF4}.Release|Any CPU.Build.0 = Release|Any CPU
		{D5C4C65C-1F02-4C06-BCB0-7C514018EE2A}.Debug|Any CPU.ActiveCfg = Debug|Any CPU
		{D5C4C65C-1F02-4C06-BCB0-7C514018EE2A}.Debug|Any CPU.Build.0 = Debug|Any CPU
		{D5C4C65C-1F02-4C06-BCB0-7C514018EE2A}.Release|Any CPU.ActiveCfg = Release|Any CPU
		{D5C4C65C-1F02-4C06-BCB0-7C514018EE2A}.Release|Any CPU.Build.0 = Release|Any CPU
	EndGlobalSection
	GlobalSection(SolutionProperties) = preSolution
		HideSolutionNode = FALSE
	EndGlobalSection
	GlobalSection(ExtensibilityGlobals) = postSolution
		SolutionGuid = {9DBFC003-994D-4CB1-9992-76E7BB50329C}
	EndGlobalSection
EndGlobal
